github.com/go-chi/chi/v5 v5.0.12 h1:9euLV5sTrTNTRUU9POmDUvfxyj6LAABLUcEWO+JJb4s=
github.com/go-chi/chi/v5 v5.0.12/go.mod h1:DslCQbL2OYiznFReuXYUmQ2hGd1aDpCnlMNITLSKoi8=
github.com/gojp/kana v0.1.0 h1:8bd0WXAObhYpyFA3pF17YImnYyVshw0bcXS+ybNFYQk=
github.com/gojp/kana v0.1.0/go.mod h1:kWp5hDdJQqnZ2E3SQNQe+iejY63SZ+JdlbnW+qn7vxY=
github.com/ikawaha/kagome v1.11.2 h1:eCWpLqv5Euqa5JcwkaobUSy6uGM8rwwMw5Su3eRepBI=
github.com/ikawaha/kagome v1.11.2/go.mod h1:lHwhkGuuWqKWTxeQMppD0EmQAfKbc39QKx9qoWqgo+A=
github.com/ikawaha/kagome-dict v1.0.10 h1:BwmIjiF2R3NXsZUe0PPnlhF54dk3/Iw+S911P5E5YIU=
github.com/ikawaha/kagome-dict v1.0.10/go.mod h1:4LbfaTJ61AdPfGLycmWGUWWRyvKFqc1n+Qg7hrDe04k=
github.com/ikawaha/kagome-dict/ipa v1.0.11 h1:3eBjkQGxxLLkc2I1PIA+eE77QOTbyb2SvG1aR2voYe8=
github.com/ikawaha/kagome-dict/ipa v1.0.11/go.mod h1:QdLA+AyigfRVvoP2btpTqVrlTBeo4MeXynRQvLNhAbc=
github.com/ikawaha/kagome/v2 v2.9.8 h1:38NPtQ7Rqni8uAyvfrkeoRRC2EhxntbRJSWfdG2FE50=
github.com/ikawaha/kagome/v2 v2.9.8/go.mod h1:PD8yjbWsyBPcsfEjB75heuB0LOPlmMH4Mb2htdB4UWo=
github.com/joho/godotenv v1.5.1 h1:7eLL/+HRGLY0ldzfGMeQkb7vMd0as4CfYvUVzLqw0N0=
github.com/joho/godotenv v1.5.1/go.mod h1:f4LDr5Voq0i2e/R5DDNOoa2zzDfwtkZa6DnEwAbqwq4=
github.com/jtclarkjr/kanjikana v0.0.0-20240520123749-1e12780f2d1e h1:yZ7y5MBwl0lFk1Kfl8jQjSDD7gb9fu56uJCwNVCkJJg=
github.com/jtclarkjr/kanjikana v0.0.0-20240520123749-1e12780f2d1e/go.mod h1:XYvvEnazetNp96GMF6WE0/iDHUQZ/1VtM201wvtpwaM=
