github.com/gojp/kana v0.1.0 h1:8bd0WXAObhYpyFA3pF17YImnYyVshw0bcXS+ybNFYQk=
github.com/gojp/kana v0.1.0/go.mod h1:kWp5hDdJQqnZ2E3SQNQe+iejY63SZ+JdlbnW+qn7vxY=
github.com/ikawaha/kagome-dict v1.0.10 h1:BwmIjiF2R3NXsZUe0PPnlhF54dk3/Iw+S911P5E5YIU=
github.com/ikawaha/kagome-dict v1.0.10/go.mod h1:4LbfaTJ61AdPfGLycmWGUWWRyvKFqc1n+Qg7hrDe04k=
github.com/ikawaha/kagome-dict/ipa v1.0.11 h1:3eBjkQGxxLLkc2I1PIA+eE77QOTbyb2SvG1aR2voYe8=
github.com/ikawaha/kagome-dict/ipa v1.0.11/go.mod h1:QdLA+AyigfRVvoP2btpTqVrlTBeo4MeXynRQvLNhAbc=
github.com/ikawaha/kagome/v2 v2.9.8 h1:38NPtQ7Rqni8uAyvfrkeoRRC2EhxntbRJSWfdG2FE50=
github.com/ikawaha/kagome/v2 v2.9.8/go.mod h1:PD8yjbWsyBPcsfEjB75heuB0LOPlmMH4Mb2htdB4UWo=
github.com/jtclarkjr/kanjikana v0.3.0 h1:UeKKdSUXK98qJ1DxoJnsFhW0rTZOHR9g5z8GuoBb4Oc=
github.com/jtclarkjr/kanjikana v0.3.0/go.mod h1:XYvvEnazetNp96GMF6WE0/iDHUQZ/1VtM201wvtpwaM=
github.com/jtclarkjr/router-go v0.1.0-alpha.2 h1:Z9K9fsyWc/Qerr6qk8H74T8tEla76YYZEitWKlAYy20=
github.com/jtclarkjr/router-go v0.1.0-alpha.2/go.mod h1:XrZ+o5DzvCxEmPNHYTyZOXTb80E9rGc3X2Srr3UgZRA=
